
Microsoft Visual Studio Solution File, Format Version 12.00
# Visual Studio Version 17
VisualStudioVersion = 17.0.31903.59
MinimumVisualStudioVersion = 10.0.40219.1
Project("{FAE04EC0-301F-11D3-BF4B-00C04F79EFBC}") = "CI-Platform", "CI-Platform\CI-Platform.csproj", "{BC2AB2B5-6BED-452C-A4C3-183F7B2412CC}"
EndProject
Global
	GlobalSection(SolutionConfigurationPlatforms) = preSolution
		Debug|Any CPU = Debug|Any CPU
		Release|Any CPU = Release|Any CPU
	EndGlobalSection
	GlobalSection(ProjectConfigurationPlatforms) = postSolution
		{BC2AB2B5-6BED-452C-A4C3-183F7B2412CC}.Debug|Any CPU.ActiveCfg = Debug|Any CPU
		{BC2AB2B5-6BED-452C-A4C3-183F7B2412CC}.Debug|Any CPU.Build.0 = Debug|Any CPU
		{BC2AB2B5-6BED-452C-A4C3-183F7B2412CC}.Release|Any CPU.ActiveCfg = Release|Any CPU
		{BC2AB2B5-6BED-452C-A4C3-183F7B2412CC}.Release|Any CPU.Build.0 = Release|Any CPU
	EndGlobalSection
	GlobalSection(SolutionProperties) = preSolution
		HideSolutionNode = FALSE
	EndGlobalSection
	GlobalSection(ExtensibilityGlobals) = postSolution
		SolutionGuid = {3639A237-7DDF-49FD-BF40-683DEC89E96A}
	EndGlobalSection
EndGlobal
